// !$*UTF8*$!
{
	archiveVersion = 1;
	classes = {
	};
	objectVersion = 77;
	objects = {

/* Begin PBXContainerItemProxy section */
		3D76B5322D5288E0007BA051 /* PBXContainerItemProxy */ = {
			isa = PBXContainerItemProxy;
			containerPortal = 3D76B5192D5288DD007BA051 /* Project object */;
			proxyType = 1;
			remoteGlobalIDString = 3D76B5202D5288DD007BA051;
			remoteInfo = AccessibilityPractice;
		};
		3D76B53C2D5288E0007BA051 /* PBXContainerItemProxy */ = {
			isa = PBXContainerItemProxy;
			containerPortal = 3D76B5192D5288DD007BA051 /* Project object */;
			proxyType = 1;
			remoteGlobalIDString = 3D76B5202D5288DD007BA051;
			remoteInfo = AccessibilityPractice;
		};
/* End PBXContainerItemProxy section */

/* Begin PBXFileReference section */
		3D76B5212D5288DD007BA051 /* AccessibilityPractice.app */ = {isa = PBXFileReference; explicitFileType = wrapper.application; includeInIndex = 0; path = AccessibilityPractice.app; sourceTree = BUILT_PRODUCTS_DIR; };
		3D76B5312D5288E0007BA051 /* AccessibilityPracticeTests.xctest */ = {isa = PBXFileReference; explicitFileType = wrapper.cfbundle; includeInIndex = 0; path = AccessibilityPracticeTests.xctest; sourceTree = BUILT_PRODUCTS_DIR; };
		3D76B53B2D5288E0007BA051 /* AccessibilityPracticeUITests.xctest */ = {isa = PBXFileReference; explicitFileType = wrapper.cfbundle; includeInIndex = 0; path = AccessibilityPracticeUITests.xctest; sourceTree = BUILT_PRODUCTS_DIR; };
/* End PBXFileReference section */

/* Begin PBXFileSystemSynchronizedRootGroup section */
		3D76B5232D5288DD007BA051 /* AccessibilityPractice */ = {
			isa = PBXFileSystemSynchronizedRootGroup;
			path = AccessibilityPractice;
			sourceTree = "<group>";
		};
		3D76B5342D5288E0007BA051 /* AccessibilityPracticeTests */ = {
			isa = PBXFileSystemSynchronizedRootGroup;
			path = AccessibilityPracticeTests;
			sourceTree = "<group>";
		};
		3D76B53E2D5288E0007BA051 /* AccessibilityPracticeUITests */ = {
			isa = PBXFileSystemSynchronizedRootGroup;
			path = AccessibilityPracticeUITests;
			sourceTree = "<group>";
		};
/* End PBXFileSystemSynchronizedRootGroup section */

/* Begin PBXFrameworksBuildPhase section */
		3D76B51E2D5288DD007BA051 /* Frameworks */ = {
			isa = PBXFrameworksBuildPhase;
			buildActionMask = 2147483647;
			files = (
			);
			runOnlyForDeploymentPostprocessing = 0;
		};
		3D76B52E2D5288E0007BA051 /* Frameworks */ = {
			isa = PBXFrameworksBuildPhase;
			buildActionMask = 2147483647;
			files = (
			);
			runOnlyForDeploymentPostprocessing = 0;
		};
		3D76B5382D5288E0007BA051 /* Frameworks */ = {
			isa = PBXFrameworksBuildPhase;
			buildActionMask = 2147483647;
			files = (
			);
			runOnlyForDeploymentPostprocessing = 0;
		};
/* End PBXFrameworksBuildPhase section */

/* Begin PBXGroup section */
		3D76B5182D5288DD007BA051 = {
			isa = PBXGroup;
			children = (
				3D76B5232D5288DD007BA051 /* AccessibilityPractice */,
				3D76B5342D5288E0007BA051 /* AccessibilityPracticeTests */,
				3D76B53E2D5288E0007BA051 /* AccessibilityPracticeUITests */,
				3D76B5222D5288DD007BA051 /* Products */,
			);
			sourceTree = "<group>";
		};
		3D76B5222D5288DD007BA051 /* Products */ = {
			isa = PBXGroup;
			children = (
				3D76B5212D5288DD007BA051 /* AccessibilityPractice.app */,
				3D76B5312D5288E0007BA051 /* AccessibilityPracticeTests.xctest */,
				3D76B53B2D5288E0007BA051 /* AccessibilityPracticeUITests.xctest */,
			);
			name = Products;
			sourceTree = "<group>";
		};
/* End PBXGroup section */

/* Begin PBXNativeTarget section */
		3D76B5202D5288DD007BA051 /* AccessibilityPractice */ = {
			isa = PBXNativeTarget;
			buildConfigurationList = 3D76B5452D5288E0007BA051 /* Build configuration list for PBXNativeTarget "AccessibilityPractice" */;
			buildPhases = (
				3D76B51D2D5288DD007BA051 /* Sources */,
				3D76B51E2D5288DD007BA051 /* Frameworks */,
				3D76B51F2D5288DD007BA051 /* Resources */,
			);
			buildRules = (
			);
			dependencies = (
			);
			fileSystemSynchronizedGroups = (
				3D76B5232D5288DD007BA051 /* AccessibilityPractice */,
			);
			name = AccessibilityPractice;
			packageProductDependencies = (
			);
			productName = AccessibilityPractice;
			productReference = 3D76B5212D5288DD007BA051 /* AccessibilityPractice.app */;
			productType = "com.apple.product-type.application";
		};
		3D76B5302D5288E0007BA051 /* AccessibilityPracticeTests */ = {
			isa = PBXNativeTarget;
			buildConfigurationList = 3D76B5482D5288E0007BA051 /* Build configuration list for PBXNativeTarget "AccessibilityPracticeTests" */;
			buildPhases = (
				3D76B52D2D5288E0007BA051 /* Sources */,
				3D76B52E2D5288E0007BA051 /* Frameworks */,
				3D76B52F2D5288E0007BA051 /* Resources */,
			);
			buildRules = (
			);
			dependencies = (
				3D76B5332D5288E0007BA051 /* PBXTargetDependency */,
			);
			fileSystemSynchronizedGroups = (
				3D76B5342D5288E0007BA051 /* AccessibilityPracticeTests */,
			);
			name = AccessibilityPracticeTests;
			packageProductDependencies = (
			);
			productName = AccessibilityPracticeTests;
			productReference = 3D76B5312D5288E0007BA051 /* AccessibilityPracticeTests.xctest */;
			productType = "com.apple.product-type.bundle.unit-test";
		};
		3D76B53A2D5288E0007BA051 /* AccessibilityPracticeUITests */ = {
			isa = PBXNativeTarget;
			buildConfigurationList = 3D76B54B2D5288E0007BA051 /* Build configuration list for PBXNativeTarget "AccessibilityPracticeUITests" */;
			buildPhases = (
				3D76B5372D5288E0007BA051 /* Sources */,
				3D76B5382D5288E0007BA051 /* Frameworks */,
				3D76B5392D5288E0007BA051 /* Resources */,
			);
			buildRules = (
			);
			dependencies = (
				3D76B53D2D5288E0007BA051 /* PBXTargetDependency */,
			);
			fileSystemSynchronizedGroups = (
				3D76B53E2D5288E0007BA051 /* AccessibilityPracticeUITests */,
			);
			name = AccessibilityPracticeUITests;
			packageProductDependencies = (
			);
			productName = AccessibilityPracticeUITests;
			productReference = 3D76B53B2D5288E0007BA051 /* AccessibilityPracticeUITests.xctest */;
			productType = "com.apple.product-type.bundle.ui-testing";
		};
/* End PBXNativeTarget section */

/* Begin PBXProject section */
		3D76B5192D5288DD007BA051 /* Project object */ = {
			isa = PBXProject;
			attributes = {
				BuildIndependentTargetsInParallel = 1;
				LastSwiftUpdateCheck = 1620;
				LastUpgradeCheck = 1620;
				TargetAttributes = {
					3D76B5202D5288DD007BA051 = {
						CreatedOnToolsVersion = 16.2;
					};
					3D76B5302D5288E0007BA051 = {
						CreatedOnToolsVersion = 16.2;
						TestTargetID = 3D76B5202D5288DD007BA051;
					};
					3D76B53A2D5288E0007BA051 = {
						CreatedOnToolsVersion = 16.2;
						TestTargetID = 3D76B5202D5288DD007BA051;
					};
				};
			};
			buildConfigurationList = 3D76B51C2D5288DD007BA051 /* Build configuration list for PBXProject "AccessibilityPractice" */;
			developmentRegion = en;
			hasScannedForEncodings = 0;
			knownRegions = (
				en,
				Base,
			);
			mainGroup = 3D76B5182D5288DD007BA051;
			minimizedProjectReferenceProxies = 1;
			preferredProjectObjectVersion = 77;
			productRefGroup = 3D76B5222D5288DD007BA051 /* Products */;
			projectDirPath = "";
			projectRoot = "";
			targets = (
				3D76B5202D5288DD007BA051 /* AccessibilityPractice */,
				3D76B5302D5288E0007BA051 /* AccessibilityPracticeTests */,
				3D76B53A2D5288E0007BA051 /* AccessibilityPracticeUITests */,
			);
		};
/* End PBXProject section */

/* Begin PBXResourcesBuildPhase section */
		3D76B51F2D5288DD007BA051 /* Resources */ = {
			isa = PBXResourcesBuildPhase;
			buildActionMask = 2147483647;
			files = (
			);
			runOnlyForDeploymentPostprocessing = 0;
		};
		3D76B52F2D5288E0007BA051 /* Resources */ = {
			isa = PBXResourcesBuildPhase;
			buildActionMask = 2147483647;
			files = (
			);
			runOnlyForDeploymentPostprocessing = 0;
		};
		3D76B5392D5288E0007BA051 /* Resources */ = {
			isa = PBXResourcesBuildPhase;
			buildActionMask = 2147483647;
			files = (
			);
			runOnlyForDeploymentPostprocessing = 0;
		};
/* End PBXResourcesBuildPhase section */

/* Begin PBXSourcesBuildPhase section */
		3D76B51D2D5288DD007BA051 /* Sources */ = {
			isa = PBXSourcesBuildPhase;
			buildActionMask = 2147483647;
			files = (
			);
			runOnlyForDeploymentPostprocessing = 0;
		};
		3D76B52D2D5288E0007BA051 /* Sources */ = {
			isa = PBXSourcesBuildPhase;
			buildActionMask = 2147483647;
			files = (
			);
			runOnlyForDeploymentPostprocessing = 0;
		};
		3D76B5372D5288E0007BA051 /* Sources */ = {
			isa = PBXSourcesBuildPhase;
			buildActionMask = 2147483647;
			files = (
			);
			runOnlyForDeploymentPostprocessing = 0;
		};
/* End PBXSourcesBuildPhase section */

/* Begin PBXTargetDependency section */
		3D76B5332D5288E0007BA051 /* PBXTargetDependency */ = {
			isa = PBXTargetDependency;
			target = 3D76B5202D5288DD007BA051 /* AccessibilityPractice */;
			targetProxy = 3D76B5322D5288E0007BA051 /* PBXContainerItemProxy */;
		};
		3D76B53D2D5288E0007BA051 /* PBXTargetDependency */ = {
			isa = PBXTargetDependency;
			target = 3D76B5202D5288DD007BA051 /* AccessibilityPractice */;
			targetProxy = 3D76B53C2D5288E0007BA051 /* PBXContainerItemProxy */;
		};
/* End PBXTargetDependency section */

/* Begin XCBuildConfiguration section */
		3D76B5432D5288E0007BA051 /* Debug */ = {
			isa = XCBuildConfiguration;
			buildSettings = {
				ALWAYS_SEARCH_USER_PATHS = NO;
				ASSETCATALOG_COMPILER_GENERATE_SWIFT_ASSET_SYMBOL_EXTENSIONS = YES;
				CLANG_ANALYZER_NONNULL = YES;
				CLANG_ANALYZER_NUMBER_OBJECT_CONVERSION = YES_AGGRESSIVE;
				CLANG_CXX_LANGUAGE_STANDARD = "gnu++20";
				CLANG_ENABLE_MODULES = YES;
				CLANG_ENABLE_OBJC_ARC = YES;
				CLANG_ENABLE_OBJC_WEAK = YES;
				CLANG_WARN_BLOCK_CAPTURE_AUTORELEASING = YES;
				CLANG_WARN_BOOL_CONVERSION = YES;
				CLANG_WARN_COMMA = YES;
				CLANG_WARN_CONSTANT_CONVERSION = YES;
				CLANG_WARN_DEPRECATED_OBJC_IMPLEMENTATIONS = YES;
				CLANG_WARN_DIRECT_OBJC_ISA_USAGE = YES_ERROR;
				CLANG_WARN_DOCUMENTATION_COMMENTS = YES;
				CLANG_WARN_EMPTY_BODY = YES;
				CLANG_WARN_ENUM_CONVERSION = YES;
				CLANG_WARN_INFINITE_RECURSION = YES;
				CLANG_WARN_INT_CONVERSION = YES;
				CLANG_WARN_NON_LITERAL_NULL_CONVERSION = YES;
				CLANG_WARN_OBJC_IMPLICIT_RETAIN_SELF = YES;
				CLANG_WARN_OBJC_LITERAL_CONVERSION = YES;
				CLANG_WARN_OBJC_ROOT_CLASS = YES_ERROR;
				CLANG_WARN_QUOTED_INCLUDE_IN_FRAMEWORK_HEADER = YES;
				CLANG_WARN_RANGE_LOOP_ANALYSIS = YES;
				CLANG_WARN_STRICT_PROTOTYPES = YES;
				CLANG_WARN_SUSPICIOUS_MOVE = YES;
				CLANG_WARN_UNGUARDED_AVAILABILITY = YES_AGGRESSIVE;
				CLANG_WARN_UNREACHABLE_CODE = YES;
				CLANG_WARN__DUPLICATE_METHOD_MATCH = YES;
				COPY_PHASE_STRIP = NO;
				DEBUG_INFORMATION_FORMAT = dwarf;
				ENABLE_STRICT_OBJC_MSGSEND = YES;
				ENABLE_TESTABILITY = YES;
				ENABLE_USER_SCRIPT_SANDBOXING = YES;
				GCC_C_LANGUAGE_STANDARD = gnu17;
				GCC_DYNAMIC_NO_PIC = NO;
				GCC_NO_COMMON_BLOCKS = YES;
				GCC_OPTIMIZATION_LEVEL = 0;
				GCC_PREPROCESSOR_DEFINITIONS = (
					"DEBUG=1",
					"$(inherited)",
				);
				GCC_WARN_64_TO_32_BIT_CONVERSION = YES;
				GCC_WARN_ABOUT_RETURN_TYPE = YES_ERROR;
				GCC_WARN_UNDECLARED_SELECTOR = YES;
				GCC_WARN_UNINITIALIZED_AUTOS = YES_AGGRESSIVE;
				GCC_WARN_UNUSED_FUNCTION = YES;
				GCC_WARN_UNUSED_VARIABLE = YES;
				IPHONEOS_DEPLOYMENT_TARGET = 18.2;
				LOCALIZATION_PREFERS_STRING_CATALOGS = YES;
				MTL_ENABLE_DEBUG_INFO = INCLUDE_SOURCE;
				MTL_FAST_MATH = YES;
				ONLY_ACTIVE_ARCH = YES;
				SDKROOT = iphoneos;
				SWIFT_ACTIVE_COMPILATION_CONDITIONS = "DEBUG $(inherited)";
				SWIFT_OPTIMIZATION_LEVEL = "-Onone";
			};
			name = Debug;
		};
		3D76B5442D5288E0007BA051 /* Release */ = {
			isa = XCBuildConfiguration;
			buildSettings = {
				ALWAYS_SEARCH_USER_PATHS = NO;
				ASSETCATALOG_COMPILER_GENERATE_SWIFT_ASSET_SYMBOL_EXTENSIONS = YES;
				CLANG_ANALYZER_NONNULL = YES;
				CLANG_ANALYZER_NUMBER_OBJECT_CONVERSION = YES_AGGRESSIVE;
				CLANG_CXX_LANGUAGE_STANDARD = "gnu++20";
				CLANG_ENABLE_MODULES = YES;
				CLANG_ENABLE_OBJC_ARC = YES;
				CLANG_ENABLE_OBJC_WEAK = YES;
				CLANG_WARN_BLOCK_CAPTURE_AUTORELEASING = YES;
				CLANG_WARN_BOOL_CONVERSION = YES;
				CLANG_WARN_COMMA = YES;
				CLANG_WARN_CONSTANT_CONVERSION = YES;
				CLANG_WARN_DEPRECATED_OBJC_IMPLEMENTATIONS = YES;
				CLANG_WARN_DIRECT_OBJC_ISA_USAGE = YES_ERROR;
				CLANG_WARN_DOCUMENTATION_COMMENTS = YES;
				CLANG_WARN_EMPTY_BODY = YES;
				CLANG_WARN_ENUM_CONVERSION = YES;
				CLANG_WARN_INFINITE_RECURSION = YES;
				CLANG_WARN_INT_CONVERSION = YES;
				CLANG_WARN_NON_LITERAL_NULL_CONVERSION = YES;
				CLANG_WARN_OBJC_IMPLICIT_RETAIN_SELF = YES;
				CLANG_WARN_OBJC_LITERAL_CONVERSION = YES;
				CLANG_WARN_OBJC_ROOT_CLASS = YES_ERROR;
				CLANG_WARN_QUOTED_INCLUDE_IN_FRAMEWORK_HEADER = YES;
				CLANG_WARN_RANGE_LOOP_ANALYSIS = YES;
				CLANG_WARN_STRICT_PROTOTYPES = YES;
				CLANG_WARN_SUSPICIOUS_MOVE = YES;
				CLANG_WARN_UNGUARDED_AVAILABILITY = YES_AGGRESSIVE;
				CLANG_WARN_UNREACHABLE_CODE = YES;
				CLANG_WARN__DUPLICATE_METHOD_MATCH = YES;
				COPY_PHASE_STRIP = NO;
				DEBUG_INFORMATION_FORMAT = "dwarf-with-dsym";
				ENABLE_NS_ASSERTIONS = NO;
				ENABLE_STRICT_OBJC_MSGSEND = YES;
				ENABLE_USER_SCRIPT_SANDBOXING = YES;
				GCC_C_LANGUAGE_STANDARD = gnu17;
				GCC_NO_COMMON_BLOCKS = YES;
				GCC_WARN_64_TO_32_BIT_CONVERSION = YES;
				GCC_WARN_ABOUT_RETURN_TYPE = YES_ERROR;
				GCC_WARN_UNDECLARED_SELECTOR = YES;
				GCC_WARN_UNINITIALIZED_AUTOS = YES_AGGRESSIVE;
				GCC_WARN_UNUSED_FUNCTION = YES;
				GCC_WARN_UNUSED_VARIABLE = YES;
				IPHONEOS_DEPLOYMENT_TARGET = 18.2;
				LOCALIZATION_PREFERS_STRING_CATALOGS = YES;
				MTL_ENABLE_DEBUG_INFO = NO;
				MTL_FAST_MATH = YES;
				SDKROOT = iphoneos;
				SWIFT_COMPILATION_MODE = wholemodule;
				VALIDATE_PRODUCT = YES;
			};
			name = Release;
		};
		3D76B5462D5288E0007BA051 /* Debug */ = {
			isa = XCBuildConfiguration;
			buildSettings = {
				ASSETCATALOG_COMPILER_APPICON_NAME = AppIcon;
				ASSETCATALOG_COMPILER_GLOBAL_ACCENT_COLOR_NAME = AccentColor;
				CODE_SIGN_STYLE = Automatic;
				CURRENT_PROJECT_VERSION = 1;
				DEVELOPMENT_ASSET_PATHS = "\"AccessibilityPractice/Preview Content\"";
				ENABLE_PREVIEWS = YES;
				GENERATE_INFOPLIST_FILE = YES;
				INFOPLIST_KEY_UIApplicationSceneManifest_Generation = YES;
				INFOPLIST_KEY_UIApplicationSupportsIndirectInputEvents = YES;
				INFOPLIST_KEY_UILaunchScreen_Generation = YES;
				INFOPLIST_KEY_UISupportedInterfaceOrientations_iPad = "UIInterfaceOrientationPortrait UIInterfaceOrientationPortraitUpsideDown UIInterfaceOrientationLandscapeLeft UIInterfaceOrientationLandscapeRight";
				INFOPLIST_KEY_UISupportedInterfaceOrientations_iPhone = "UIInterfaceOrientationPortrait UIInterfaceOrientationLandscapeLeft UIInterfaceOrientationLandscapeRight";
				LD_RUNPATH_SEARCH_PATHS = (
					"$(inherited)",
					"@executable_path/Frameworks",
				);
				MARKETING_VERSION = 1.0;
				PRODUCT_BUNDLE_IDENTIFIER = com.AccessibilityPractice;
				PRODUCT_NAME = "$(TARGET_NAME)";
				SWIFT_EMIT_LOC_STRINGS = YES;
				SWIFT_VERSION = 5.0;
				TARGETED_DEVICE_FAMILY = "1,2";
			};
			name = Debug;
		};
		3D76B5472D5288E0007BA051 /* Release */ = {
			isa = XCBuildConfiguration;
			buildSettings = {
				ASSETCATALOG_COMPILER_APPICON_NAME = AppIcon;
				ASSETCATALOG_COMPILER_GLOBAL_ACCENT_COLOR_NAME = AccentColor;
				CODE_SIGN_STYLE = Automatic;
				CURRENT_PROJECT_VERSION = 1;
				DEVELOPMENT_ASSET_PATHS = "\"AccessibilityPractice/Preview Content\"";
				ENABLE_PREVIEWS = YES;
				GENERATE_INFOPLIST_FILE = YES;
				INFOPLIST_KEY_UIApplicationSceneManifest_Generation = YES;
				INFOPLIST_KEY_UIApplicationSupportsIndirectInputEvents = YES;
				INFOPLIST_KEY_UILaunchScreen_Generation = YES;
				INFOPLIST_KEY_UISupportedInterfaceOrientations_iPad = "UIInterfaceOrientationPortrait UIInterfaceOrientationPortraitUpsideDown UIInterfaceOrientationLandscapeLeft UIInterfaceOrientationLandscapeRight";
				INFOPLIST_KEY_UISupportedInterfaceOrientations_iPhone = "UIInterfaceOrientationPortrait UIInterfaceOrientationLandscapeLeft UIInterfaceOrientationLandscapeRight";
				LD_RUNPATH_SEARCH_PATHS = (
					"$(inherited)",
					"@executable_path/Frameworks",
				);
				MARKETING_VERSION = 1.0;
				PRODUCT_BUNDLE_IDENTIFIER = com.AccessibilityPractice;
				PRODUCT_NAME = "$(TARGET_NAME)";
				SWIFT_EMIT_LOC_STRINGS = YES;
				SWIFT_VERSION = 5.0;
				TARGETED_DEVICE_FAMILY = "1,2";
			};
			name = Release;
		};
		3D76B5492D5288E0007BA051 /* Debug */ = {
			isa = XCBuildConfiguration;
			buildSettings = {
				BUNDLE_LOADER = "$(TEST_HOST)";
				CODE_SIGN_STYLE = Automatic;
				CURRENT_PROJECT_VERSION = 1;
				GENERATE_INFOPLIST_FILE = YES;
				IPHONEOS_DEPLOYMENT_TARGET = 18.2;
				MARKETING_VERSION = 1.0;
				PRODUCT_BUNDLE_IDENTIFIER = com.AccessibilityPracticeTests;
				PRODUCT_NAME = "$(TARGET_NAME)";
				SWIFT_EMIT_LOC_STRINGS = NO;
				SWIFT_VERSION = 5.0;
				TARGETED_DEVICE_FAMILY = "1,2";
				TEST_HOST = "$(BUILT_PRODUCTS_DIR)/AccessibilityPractice.app/$(BUNDLE_EXECUTABLE_FOLDER_PATH)/AccessibilityPractice";
			};
			name = Debug;
		};
		3D76B54A2D5288E0007BA051 /* Release */ = {
			isa = XCBuildConfiguration;
			buildSettings = {
				BUNDLE_LOADER = "$(TEST_HOST)";
				CODE_SIGN_STYLE = Automatic;
				CURRENT_PROJECT_VERSION = 1;
				GENERATE_INFOPLIST_FILE = YES;
				IPHONEOS_DEPLOYMENT_TARGET = 18.2;
				MARKETING_VERSION = 1.0;
				PRODUCT_BUNDLE_IDENTIFIER = com.AccessibilityPracticeTests;
				PRODUCT_NAME = "$(TARGET_NAME)";
				SWIFT_EMIT_LOC_STRINGS = NO;
				SWIFT_VERSION = 5.0;
				TARGETED_DEVICE_FAMILY = "1,2";
				TEST_HOST = "$(BUILT_PRODUCTS_DIR)/AccessibilityPractice.app/$(BUNDLE_EXECUTABLE_FOLDER_PATH)/AccessibilityPractice";
			};
			name = Release;
		};
		3D76B54C2D5288E0007BA051 /* Debug */ = {
			isa = XCBuildConfiguration;
			buildSettings = {
				CODE_SIGN_STYLE = Automatic;
				CURRENT_PROJECT_VERSION = 1;
				GENERATE_INFOPLIST_FILE = YES;
				MARKETING_VERSION = 1.0;
				PRODUCT_BUNDLE_IDENTIFIER = com.AccessibilityPracticeUITests;
				PRODUCT_NAME = "$(TARGET_NAME)";
				SWIFT_EMIT_LOC_STRINGS = NO;
				SWIFT_VERSION = 5.0;
				TARGETED_DEVICE_FAMILY = "1,2";
				TEST_TARGET_NAME = AccessibilityPractice;
			};
			name = Debug;
		};
		3D76B54D2D5288E0007BA051 /* Release */ = {
			isa = XCBuildConfiguration;
			buildSettings = {
				CODE_SIGN_STYLE = Automatic;
				CURRENT_PROJECT_VERSION = 1;
				GENERATE_INFOPLIST_FILE = YES;
				MARKETING_VERSION = 1.0;
				PRODUCT_BUNDLE_IDENTIFIER = com.AccessibilityPracticeUITests;
				PRODUCT_NAME = "$(TARGET_NAME)";
				SWIFT_EMIT_LOC_STRINGS = NO;
				SWIFT_VERSION = 5.0;
				TARGETED_DEVICE_FAMILY = "1,2";
				TEST_TARGET_NAME = AccessibilityPractice;
			};
			name = Release;
		};
/* End XCBuildConfiguration section */

/* Begin XCConfigurationList section */
		3D76B51C2D5288DD007BA051 /* Build configuration list for PBXProject "AccessibilityPractice" */ = {
			isa = XCConfigurationList;
			buildConfigurations = (
				3D76B5432D5288E0007BA051 /* Debug */,
				3D76B5442D5288E0007BA051 /* Release */,
			);
			defaultConfigurationIsVisible = 0;
			defaultConfigurationName = Release;
		};
		3D76B5452D5288E0007BA051 /* Build configuration list for PBXNativeTarget "AccessibilityPractice" */ = {
			isa = XCConfigurationList;
			buildConfigurations = (
				3D76B5462D5288E0007BA051 /* Debug */,
				3D76B5472D5288E0007BA051 /* Release */,
			);
			defaultConfigurationIsVisible = 0;
			defaultConfigurationName = Release;
		};
		3D76B5482D5288E0007BA051 /* Build configuration list for PBXNativeTarget "AccessibilityPracticeTests" */ = {
			isa = XCConfigurationList;
			buildConfigurations = (
				3D76B5492D5288E0007BA051 /* Debug */,
				3D76B54A2D5288E0007BA051 /* Release */,
			);
			defaultConfigurationIsVisible = 0;
			defaultConfigurationName = Release;
		};
		3D76B54B2D5288E0007BA051 /* Build configuration list for PBXNativeTarget "AccessibilityPracticeUITests" */ = {
			isa = XCConfigurationList;
			buildConfigurations = (
				3D76B54C2D5288E0007BA051 /* Debug */,
				3D76B54D2D5288E0007BA051 /* Release */,
			);
			defaultConfigurationIsVisible = 0;
			defaultConfigurationName = Release;
		};
/* End XCConfigurationList section */
	};
	rootObject = 3D76B5192D5288DD007BA051 /* Project object */;
}
